
Microsoft Visual Studio Solution File, Format Version 12.00
# Visual Studio Version 17
VisualStudioVersion = 17.10.34928.147
MinimumVisualStudioVersion = 10.0.40219.1
Project("{FAE04EC0-301F-11D3-BF4B-00C04F79EFBC}") = "MyPortfolio", "MyPortfolio.csproj", "{096FE06C-D61E-4D01-9335-5845E6432B74}"
EndProject
Global
	GlobalSection(SolutionConfigurationPlatforms) = preSolution
		Debug|Any CPU = Debug|Any CPU
		Release|Any CPU = Release|Any CPU
	EndGlobalSection
	GlobalSection(ProjectConfigurationPlatforms) = postSolution
		{096FE06C-D61E-4D01-9335-5845E6432B74}.Debug|Any CPU.ActiveCfg = Debug|Any CPU
		{096FE06C-D61E-4D01-9335-5845E6432B74}.Debug|Any CPU.Build.0 = Debug|Any CPU
		{096FE06C-D61E-4D01-9335-5845E6432B74}.Release|Any CPU.ActiveCfg = Release|Any CPU
		{096FE06C-D61E-4D01-9335-5845E6432B74}.Release|Any CPU.Build.0 = Release|Any CPU
	EndGlobalSection
	GlobalSection(SolutionProperties) = preSolution
		HideSolutionNode = FALSE
	EndGlobalSection
	GlobalSection(ExtensibilityGlobals) = postSolution
		SolutionGuid = {16DF8681-0429-4492-9F2D-C321A8F9E740}
	EndGlobalSection
EndGlobal
